
Microsoft Visual Studio Solution File, Format Version 12.00
# Visual Studio Version 16
VisualStudioVersion = 16.0.29324.140
MinimumVisualStudioVersion = 10.0.40219.1
Project("{9A19103F-16F7-4668-BE54-9A1E7A4F7556}") = "OpenTextSummarizer", "OpenTextSummarizer\OpenTextSummarizer.csproj", "{87DB2759-56AF-4F66-B8DC-E821C5C51684}"
EndProject
Global
	GlobalSection(SolutionConfigurationPlatforms) = preSolution
		Debug|Any CPU = Debug|Any CPU
		Release|Any CPU = Release|Any CPU
	EndGlobalSection
	GlobalSection(ProjectConfigurationPlatforms) = postSolution
		{87DB2759-56AF-4F66-B8DC-E821C5C51684}.Debug|Any CPU.ActiveCfg = Debug|Any CPU
		{87DB2759-56AF-4F66-B8DC-E821C5C51684}.Debug|Any CPU.Build.0 = Debug|Any CPU
		{87DB2759-56AF-4F66-B8DC-E821C5C51684}.Release|Any CPU.ActiveCfg = Release|Any CPU
		{87DB2759-56AF-4F66-B8DC-E821C5C51684}.Release|Any CPU.Build.0 = Release|Any CPU
	EndGlobalSection
	GlobalSection(SolutionProperties) = preSolution
		HideSolutionNode = FALSE
	EndGlobalSection
	GlobalSection(ExtensibilityGlobals) = postSolution
		SolutionGuid = {C21EC297-D7FF-442C-9E6E-B61F2A53C4AA}
	EndGlobalSection
EndGlobal
